
Microsoft Visual Studio Solution File, Format Version 12.00
# Visual Studio Version 16
VisualStudioVersion = 16.0.31424.327
MinimumVisualStudioVersion = 10.0.40219.1
Project("{FAE04EC0-301F-11D3-BF4B-00C04F79EFBC}") = "OpenTelemetryExample", "OpenTelemetryExample\OpenTelemetryExample.csproj", "{B728039F-8124-48D2-9D19-86D6BC17C247}"
EndProject
Global
	GlobalSection(SolutionConfigurationPlatforms) = preSolution
		Debug|Any CPU = Debug|Any CPU
		Release|Any CPU = Release|Any CPU
	EndGlobalSection
	GlobalSection(ProjectConfigurationPlatforms) = postSolution
		{B728039F-8124-48D2-9D19-86D6BC17C247}.Debug|Any CPU.ActiveCfg = Debug|Any CPU
		{B728039F-8124-48D2-9D19-86D6BC17C247}.Debug|Any CPU.Build.0 = Debug|Any CPU
		{B728039F-8124-48D2-9D19-86D6BC17C247}.Release|Any CPU.ActiveCfg = Release|Any CPU
		{B728039F-8124-48D2-9D19-86D6BC17C247}.Release|Any CPU.Build.0 = Release|Any CPU
	EndGlobalSection
	GlobalSection(SolutionProperties) = preSolution
		HideSolutionNode = FALSE
	EndGlobalSection
	GlobalSection(ExtensibilityGlobals) = postSolution
		SolutionGuid = {D14CA413-BC72-40AF-BA48-A51319E44E18}
	EndGlobalSection
EndGlobal
